{
  "version": 4,
  "terraform_version": "1.5.5",
  "serial": 5,
  "lineage": "322527ae-4309-64a8-8667-5f7cf75fd4d4",
  "outputs": {
    "kubernetes_cluster_host": {
      "value": "35.231.25.83",
      "type": "string"
    },
    "kubernetes_cluster_name": {
      "value": "cobalt-compound-408209-gke",
      "type": "string"
    },
    "project_id": {
      "value": "cobalt-compound-408209",
      "type": "string"
    },
    "region": {
      "value": "us-east1",
      "type": "string"
    }
  },
  "resources": [
    {
      "mode": "data",
      "type": "google_container_engine_versions",
      "name": "gke_version",
      "provider": "provider[\"registry.terraform.io/hashicorp/google\"]",
      "instances": [
        {
          "schema_version": 0,
          "attributes": {
            "default_cluster_version": "1.27.3-gke.100",
            "id": "2023-12-18 05:42:02.8172408 +0000 UTC",
            "latest_master_version": "1.27.8-gke.1067000",
            "latest_node_version": "1.27.8-gke.1067000",
            "location": "us-east1",
            "project": null,
            "release_channel_default_version": {
              "RAPID": "1.28.3-gke.1203001",
              "REGULAR": "1.27.3-gke.100",
              "STABLE": "1.27.3-gke.100"
            },
            "release_channel_latest_version": {
              "RAPID": "1.27.8-gke.1067000",
              "REGULAR": "1.27.7-gke.1121000",
              "STABLE": "1.27.5-gke.200"
            },
            "valid_master_versions": [
              "1.27.8-gke.1067000",
              "1.27.7-gke.1293000",
              "1.27.7-gke.1121000",
              "1.27.7-gke.1056000",
              "1.27.5-gke.200",
              "1.27.4-gke.900",
              "1.27.3-gke.100",
              "1.27.2-gke.1200"
            ],
            "valid_node_versions": [
              "1.27.8-gke.1067000",
              "1.27.7-gke.1293000",
              "1.27.7-gke.1121000",
              "1.27.7-gke.1088000",
              "1.27.7-gke.1056000",
              "1.27.7-gke.1038000",
              "1.27.6-gke.1506000",
              "1.27.6-gke.1445000",
              "1.27.6-gke.1248000",
              "1.27.5-gke.200",
              "1.27.4-gke.900",
              "1.27.3-gke.1700",
              "1.27.3-gke.100",
              "1.27.2-gke.2100",
              "1.27.2-gke.1200"
            ],
            "version_prefix": "1.27."
          },
          "sensitive_attributes": []
        }
      ]
    },
    {
      "mode": "managed",
      "type": "google_compute_network",
      "name": "vpc",
      "provider": "provider[\"registry.terraform.io/hashicorp/google\"]",
      "instances": [
        {
          "schema_version": 0,
          "attributes": {
            "auto_create_subnetworks": false,
            "delete_default_routes_on_create": false,
            "description": "",
            "enable_ula_internal_ipv6": false,
            "gateway_ipv4": "",
            "id": "projects/cobalt-compound-408209/global/networks/cobalt-compound-408209-vpc",
            "internal_ipv6_range": "",
            "mtu": 0,
            "name": "cobalt-compound-408209-vpc",
            "network_firewall_policy_enforcement_order": "AFTER_CLASSIC_FIREWALL",
            "project": "cobalt-compound-408209",
            "routing_mode": "REGIONAL",
            "self_link": "https://www.googleapis.com/compute/v1/projects/cobalt-compound-408209/global/networks/cobalt-compound-408209-vpc",
            "timeouts": null
          },
          "sensitive_attributes": [],
          "private": "eyJlMmJmYjczMC1lY2FhLTExZTYtOGY4OC0zNDM2M2JjN2M0YzAiOnsiY3JlYXRlIjoxMjAwMDAwMDAwMDAwLCJkZWxldGUiOjEyMDAwMDAwMDAwMDAsInVwZGF0ZSI6MTIwMDAwMDAwMDAwMH19"
        }
      ]
    },
    {
      "mode": "managed",
      "type": "google_compute_subnetwork",
      "name": "subnet",
      "provider": "provider[\"registry.terraform.io/hashicorp/google\"]",
      "instances": [
        {
          "schema_version": 0,
          "attributes": {
            "creation_timestamp": "2023-12-17T21:42:23.470-08:00",
            "description": "",
            "external_ipv6_prefix": "",
            "fingerprint": null,
            "gateway_address": "10.10.0.1",
            "id": "projects/cobalt-compound-408209/regions/us-east1/subnetworks/cobalt-compound-408209-subnet",
            "ip_cidr_range": "10.10.0.0/24",
            "ipv6_access_type": "",
            "ipv6_cidr_range": "",
            "log_config": [],
            "name": "cobalt-compound-408209-subnet",
            "network": "https://www.googleapis.com/compute/v1/projects/cobalt-compound-408209/global/networks/cobalt-compound-408209-vpc",
            "private_ip_google_access": false,
            "private_ipv6_google_access": "DISABLE_GOOGLE_ACCESS",
            "project": "cobalt-compound-408209",
            "purpose": "PRIVATE",
            "region": "us-east1",
            "role": "",
            "secondary_ip_range": [],
            "self_link": "https://www.googleapis.com/compute/v1/projects/cobalt-compound-408209/regions/us-east1/subnetworks/cobalt-compound-408209-subnet",
            "stack_type": "IPV4_ONLY",
            "timeouts": null
          },
          "sensitive_attributes": [],
          "private": "eyJlMmJmYjczMC1lY2FhLTExZTYtOGY4OC0zNDM2M2JjN2M0YzAiOnsiY3JlYXRlIjoxMjAwMDAwMDAwMDAwLCJkZWxldGUiOjEyMDAwMDAwMDAwMDAsInVwZGF0ZSI6MTIwMDAwMDAwMDAwMH19",
          "dependencies": [
            "google_compute_network.vpc"
          ]
        }
      ]
    },
    {
      "mode": "managed",
      "type": "google_container_cluster",
      "name": "primary",
      "provider": "provider[\"registry.terraform.io/hashicorp/google\"]",
      "instances": [
        {
          "schema_version": 1,
          "attributes": {
            "addons_config": [
              {
                "cloudrun_config": [],
                "config_connector_config": [],
                "dns_cache_config": [],
                "gce_persistent_disk_csi_driver_config": [
                  {
                    "enabled": true
                  }
                ],
                "gcp_filestore_csi_driver_config": [],
                "gke_backup_agent_config": [],
                "horizontal_pod_autoscaling": [],
                "http_load_balancing": [],
                "network_policy_config": [
                  {
                    "disabled": true
                  }
                ]
              }
            ],
            "authenticator_groups_config": [],
            "binary_authorization": [
              {
                "enabled": false,
                "evaluation_mode": ""
              }
            ],
            "cluster_autoscaling": [
              {
                "auto_provisioning_defaults": [],
                "enabled": false,
                "resource_limits": []
              }
            ],
            "cluster_ipv4_cidr": "10.44.0.0/14",
            "confidential_nodes": [],
            "cost_management_config": [],
            "database_encryption": [
              {
                "key_name": "",
                "state": "DECRYPTED"
              }
            ],
            "datapath_provider": "",
            "default_max_pods_per_node": null,
            "default_snat_status": [
              {
                "disabled": false
              }
            ],
            "description": "",
            "dns_config": [],
            "enable_autopilot": false,
            "enable_binary_authorization": false,
            "enable_intranode_visibility": false,
            "enable_kubernetes_alpha": false,
            "enable_l4_ilb_subsetting": false,
            "enable_legacy_abac": false,
            "enable_shielded_nodes": true,
            "enable_tpu": false,
            "endpoint": "35.231.25.83",
            "gateway_api_config": [],
            "id": "projects/cobalt-compound-408209/locations/us-east1/clusters/cobalt-compound-408209-gke",
            "initial_node_count": 1,
            "ip_allocation_policy": [],
            "label_fingerprint": "a9dc16a7",
            "location": "us-east1",
            "logging_config": [
              {
                "enable_components": [
                  "SYSTEM_COMPONENTS",
                  "WORKLOADS"
                ]
              }
            ],
            "logging_service": "logging.googleapis.com/kubernetes",
            "maintenance_policy": [],
            "master_auth": [
              {
                "client_certificate": "",
                "client_certificate_config": [
                  {
                    "issue_client_certificate": false
                  }
                ],
                "client_key": "",
                "cluster_ca_certificate": "LS0tLS1CRUdJTiBDRVJUSUZJQ0FURS0tLS0tCk1JSUVMRENDQXBTZ0F3SUJBZ0lRTzZ2TGpRNkZ2SWRha2h0R3ZhdVBNVEFOQmdrcWhraUc5dzBCQVFzRkFEQXYKTVMwd0t3WURWUVFERXlReVkyRTJOall4WlMweVl6SmlMVFJrTldFdFlUQXpNUzFrTVRaa1kyUmpNRGs1TnpBdwpJQmNOTWpNeE1qRTRNRFEwTWpReFdoZ1BNakExTXpFeU1UQXdOVFF5TkRGYU1DOHhMVEFyQmdOVkJBTVRKREpqCllUWTJOakZsTFRKak1tSXROR1ExWVMxaE1ETXhMV1F4Tm1SalpHTXdPVGszTURDQ0FhSXdEUVlKS29aSWh2Y04KQVFFQkJRQURnZ0dQQURDQ0FZb0NnZ0dCQVBJemh1blVvaVF4T3RFR0hLc3ViNVYxb2RFSDE3RUVtOEFZYzJSMQp3d2xCakpsOGNiWndxMkFHUXE0bHhKby9qVzZVeGFNYnlYRGM3cmc2ZEtmSUdDNzA2MDFuaWgxZFRwTVBJeFBFCmFHRnd6eDArNUZRUFNieGliQ1BFQ2hta0FhSFpDd0dkNWk0Z05nSWprdWprWTAyYjFNN0tUNlpuRENiWlNTblcKcDVzMlNPcjVDTUlhbTBUamFBdGc3SDVRc1RhUHBzQjZZY3h1OFR6TWdUWTZSYWUxNVRKUVphNDYrY2k3U243agpFUGMrWkRJYk50OGhLTE9XQ3REVW5uRjZZRlJkcnRuRy83c0M3UEkzLzVIZWhWUFdNZmZhTG1CbFpGWGtwT01jCldjV3M3YUY0UXJBUUZOVUI1VHZYYnhKV3ptRDJ5dHR2YjdlMGdGUHdkNUloWUJJaXlOUTN6a1p3M3VNajE3S3MKdTVZd1V4UERnVHVFaTl5VlkxeHdsZjFESWxUU1dVeW1maEVpeEsrTnVOckcyZ211Tkg2TjVoVkhIWHdmWkx2RgplVkp3S05NNUQwblBXMXdSV3lzYk5IdXh1SDB0Rll3b0pCQ1NmRGF5UjRVaGVwNW02N0VxaENEcVBGTllVUmNyClhGUGQrMW5YRHV4dUVDdDE3TGlOcGdTS1F3SURBUUFCbzBJd1FEQU9CZ05WSFE4QkFmOEVCQU1DQWdRd0R3WUQKVlIwVEFRSC9CQVV3QXdFQi96QWRCZ05WSFE0RUZnUVU1clJzYUtYVDBaN1lYZUpoQTJLeE5FRVhaTW93RFFZSgpLb1pJaHZjTkFRRUxCUUFEZ2dHQkFCSVdNaFBPMzlCRjZpdFk4OTBhcGo1YzlOdjErS1pCQ1lCc1Nrd3IwL1ZqCmtzb05YcU4vNHA1RFRrSHlMT2xnUXVHYUtCcmVjdUIzbFNKZUtySmd3V2E5WHVONUNMam5PZUlqbFk3YSt4TC8KVGZOeDJOcUxyK0hFZ09YRlVXc1IyK3pzM1NGSWFLaDRzMGFYN2dsc1BTL1pBSWQyWm9EQUZqcUhOUUNOV1NkeAphdDF2TFVKWFFRYVlQQmQrbUovZXQzV3lNak5EeUk2ZGxjbEY3ZTNpek9wSWxqdnRRMURVNXpyQWc3cWRCaU50CkVGN05uQ2IwTVpOQ0NkeXVxOWFsMlF4bWF6ZDJON25WY0xWaGlsRFhZRTBxT1JtOW5vbGJXeDc2RmI1cjgwU2kKWENVbFJJUkFUYjhKUEpzclBXNG5GZDJhQzRWQ0pXRU9aWnUzVUlXVWJuSWZWSWlrWUozRzJhYnVRNkI0ZGxNUgpHam1VSklqWnlpbk1VOHpRSzJlcXNjOHM1cFZEaVBUdWNlNGxQbTlBZE9pZ3poOVhvY0IyT0FsY3VKbXZ0Q2V1CnZUSmpXRnpkTm5pTkFnOER5aUpsTHBhVHZjUXNCYlc2bHN2ZWJrSDlSb2ZBM2JvK0wyd1BLM3ZkQjAwS1dVczUKSHExeUhrSUxmazFwZm0wdyt0RFZCUT09Ci0tLS0tRU5EIENFUlRJRklDQVRFLS0tLS0K"
              }
            ],
            "master_authorized_networks_config": [],
            "master_version": "1.27.3-gke.100",
            "mesh_certificates": [],
            "min_master_version": null,
            "monitoring_config": [
              {
                "enable_components": [
                  "SYSTEM_COMPONENTS"
                ],
                "managed_prometheus": [
                  {
                    "enabled": true
                  }
                ]
              }
            ],
            "monitoring_service": "monitoring.googleapis.com/kubernetes",
            "name": "cobalt-compound-408209-gke",
            "network": "projects/cobalt-compound-408209/global/networks/cobalt-compound-408209-vpc",
            "network_policy": [
              {
                "enabled": false,
                "provider": "PROVIDER_UNSPECIFIED"
              }
            ],
            "networking_mode": "ROUTES",
            "node_config": [],
            "node_locations": [
              "us-east1-b",
              "us-east1-c",
              "us-east1-d"
            ],
            "node_pool": [],
            "node_pool_defaults": [
              {
                "node_config_defaults": [
                  {
                    "logging_variant": "DEFAULT"
                  }
                ]
              }
            ],
            "node_version": "1.27.3-gke.100",
            "notification_config": [
              {
                "pubsub": [
                  {
                    "enabled": false,
                    "filter": [],
                    "topic": ""
                  }
                ]
              }
            ],
            "operation": null,
            "private_cluster_config": [
              {
                "enable_private_endpoint": false,
                "enable_private_nodes": false,
                "master_global_access_config": [
                  {
                    "enabled": false
                  }
                ],
                "master_ipv4_cidr_block": "",
                "peering_name": "",
                "private_endpoint": "10.10.0.2",
                "private_endpoint_subnetwork": "",
                "public_endpoint": "35.231.25.83"
              }
            ],
            "private_ipv6_google_access": "",
            "project": "cobalt-compound-408209",
            "release_channel": [
              {
                "channel": "REGULAR"
              }
            ],
            "remove_default_node_pool": true,
            "resource_labels": null,
            "resource_usage_export_config": [],
            "security_posture_config": [
              {
                "mode": "BASIC",
                "vulnerability_mode": "VULNERABILITY_MODE_UNSPECIFIED"
              }
            ],
            "self_link": "https://container.googleapis.com/v1/projects/cobalt-compound-408209/locations/us-east1/clusters/cobalt-compound-408209-gke",
            "service_external_ips_config": [
              {
                "enabled": false
              }
            ],
            "services_ipv4_cidr": "10.47.240.0/20",
            "subnetwork": "projects/cobalt-compound-408209/regions/us-east1/subnetworks/cobalt-compound-408209-subnet",
            "timeouts": null,
            "tpu_ipv4_cidr_block": "",
            "vertical_pod_autoscaling": [],
            "workload_identity_config": []
          },
          "sensitive_attributes": [],
          "private": "eyJlMmJmYjczMC1lY2FhLTExZTYtOGY4OC0zNDM2M2JjN2M0YzAiOnsiY3JlYXRlIjoyNDAwMDAwMDAwMDAwLCJkZWxldGUiOjI0MDAwMDAwMDAwMDAsInJlYWQiOjI0MDAwMDAwMDAwMDAsInVwZGF0ZSI6MzYwMDAwMDAwMDAwMH0sInNjaGVtYV92ZXJzaW9uIjoiMSJ9",
          "dependencies": [
            "google_compute_network.vpc",
            "google_compute_subnetwork.subnet"
          ]
        }
      ]
    },
    {
      "mode": "managed",
      "type": "google_container_node_pool",
      "name": "primary_nodes",
      "provider": "provider[\"registry.terraform.io/hashicorp/google\"]",
      "instances": [
        {
          "status": "tainted",
          "schema_version": 1,
          "attributes": {
            "autoscaling": [],
            "cluster": "cobalt-compound-408209-gke",
            "id": "projects/cobalt-compound-408209/locations/us-east1/clusters/cobalt-compound-408209-gke/nodePools/cobalt-compound-408209-gke",
            "initial_node_count": null,
            "instance_group_urls": null,
            "location": "us-east1",
            "managed_instance_group_urls": null,
            "management": null,
            "max_pods_per_node": null,
            "name": "cobalt-compound-408209-gke",
            "name_prefix": null,
            "network_config": null,
            "node_config": [
              {
                "advanced_machine_features": [],
                "boot_disk_kms_key": "",
                "disk_size_gb": 0,
                "disk_type": "",
                "ephemeral_storage_local_ssd_config": [],
                "gcfs_config": [],
                "guest_accelerator": [],
                "gvnic": [],
                "image_type": "",
                "kubelet_config": [],
                "labels": {
                  "env": "cobalt-compound-408209"
                },
                "linux_node_config": [],
                "local_nvme_ssd_block_config": [],
                "local_ssd_count": 0,
                "logging_variant": "DEFAULT",
                "machine_type": "n1-standard-1",
                "metadata": {
                  "disable-legacy-endpoints": "true"
                },
                "min_cpu_platform": "",
                "node_group": "",
                "oauth_scopes": [
                  "https://www.googleapis.com/auth/logging.write",
                  "https://www.googleapis.com/auth/monitoring"
                ],
                "preemptible": false,
                "reservation_affinity": [],
                "resource_labels": null,
                "service_account": "",
                "shielded_instance_config": [],
                "sole_tenant_config": [],
                "spot": false,
                "tags": [
                  "gke-node",
                  "cobalt-compound-408209-gke"
                ],
                "taint": [],
                "workload_metadata_config": []
              }
            ],
            "node_count": 2,
            "node_locations": [],
            "operation": null,
            "placement_policy": [],
            "project": null,
            "timeouts": null,
            "upgrade_settings": null,
            "version": "1.27.5-gke.200"
          },
          "sensitive_attributes": [],
          "private": "eyJlMmJmYjczMC1lY2FhLTExZTYtOGY4OC0zNDM2M2JjN2M0YzAiOnsiY3JlYXRlIjoxODAwMDAwMDAwMDAwLCJkZWxldGUiOjE4MDAwMDAwMDAwMDAsInVwZGF0ZSI6MTgwMDAwMDAwMDAwMH0sInNjaGVtYV92ZXJzaW9uIjoiMSJ9",
          "dependencies": [
            "data.google_container_engine_versions.gke_version",
            "google_compute_network.vpc",
            "google_compute_subnetwork.subnet",
            "google_container_cluster.primary"
          ]
        }
      ]
    }
  ],
  "check_results": null
}
